schema: '2.0'
stages:
  data_ingestion:
    cmd: python src/data/data_ingestion.py
    deps:
    - path: data/raw/data_task.xlsx
      hash: md5
      md5: 5bc8b21f538a412fb69d425d36ae6b47
      size: 119929
    - path: src/data/data_ingestion.py
      hash: md5
      md5: 5028929dbf8259acdb42de9dc3a1a636
      size: 2295
    outs:
    - path: data/raw/order_numbers.csv
      hash: md5
      md5: 602f22588cd24c32e6b627570dc79859
      size: 17976
    - path: data/raw/reported_data.csv
      hash: md5
      md5: 497e20785c3d2318270b980b757b8be2
      size: 1018
    - path: data/raw/transaction_data.csv
      hash: md5
      md5: 9cfabb11bf372706672e48454d89070e
      size: 114574
  data_preprocessing:
    cmd: python src/data/data_preprocessing.py
    deps:
    - path: data/raw
      hash: md5
      md5: 9095d396b9af3816daf3a9f807d9d661.dir
      size: 253497
      nfiles: 5
    - path: src/data/data_preprocessing.py
      hash: md5
      md5: b514a0879c914376925cc73e86e696ef
      size: 7679
    outs:
    - path: data/interim/order_daily.csv
      hash: md5
      md5: 2dfb137b59ed3353444a792a4841a6be
      size: 46407
    - path: data/interim/order_daily_win.csv
      hash: md5
      md5: 1aee093968c1238da19800c445ba4820
      size: 46524
  feature_engineering:
    cmd: python src/features/feature_engineering.py
    deps:
    - path: data/interim
      hash: md5
      md5: 23c453949dbe6dd712dcb3f512137575.dir
      size: 92931
      nfiles: 3
    - path: data/raw
      hash: md5
      md5: 9095d396b9af3816daf3a9f807d9d661.dir
      size: 253497
      nfiles: 5
    - path: src/features/feature_engineering.py
      hash: md5
      md5: 624844ed95fe8a908d72f571c4205aab
      size: 6976
    outs:
    - path: data/processed/engineered_data.csv
      hash: md5
      md5: e6ca35858bba04686c4d24c60d2b483c
      size: 5020
  model_building:
    cmd: python src/models/model_building.py
    deps:
    - path: data/processed/engineered_data.csv
      hash: md5
      md5: e6ca35858bba04686c4d24c60d2b483c
      size: 5020
    - path: src/models/model_building.py
      hash: md5
      md5: 48c2c3faa9fdf2b550d69261e7f92065
      size: 3767
    outs:
    - path: data/processed/test_data.csv
      hash: md5
      md5: ebc30455896763d8dbbda2b4f61be086
      size: 153
    - path: data/processed/train_data.csv
      hash: md5
      md5: 7bf404dbc939dd45a55a3dec80051e00
      size: 1484
    - path: models/model.pkl
      hash: md5
      md5: 51d6b519bf303f8a5977160f800b47db
      size: 623
  model_evaluation:
    cmd: python src/models/model_evaluation.py
    deps:
    - path: data/processed
      hash: md5
      md5: dddccd4a586f38fe7603d4d52f8fc262.dir
      size: 6657
      nfiles: 4
    - path: models/model.pkl
      hash: md5
      md5: 51d6b519bf303f8a5977160f800b47db
      size: 623
    - path: src/models/model_evaluation.py
      hash: md5
      md5: 057f2ed7de72f0b84e9e34b150059581
      size: 6659
    outs:
    - path: reports/experiment_info.json
      hash: md5
      md5: cb597990f45d7fe31d814ea474fbaa03
      size: 82
    - path: reports/metrics.json
      hash: md5
      md5: d03c09c710626406ea77f3096d57f767
      size: 228
